
Microsoft Visual Studio Solution File, Format Version 12.00
# Visual Studio Version 17
VisualStudioVersion = 17.9.34607.119
MinimumVisualStudioVersion = 10.0.40219.1
Project("{8BC9CEB8-8B4A-11D0-8D11-00A0C91BC942}") = "kr1", "kr1.vcxproj", "{5F3BBDE8-1F9B-49E8-85C5-35544720CAEA}"
EndProject
Global
	GlobalSection(SolutionConfigurationPlatforms) = preSolution
		Debug|x64 = Debug|x64
		Debug|x86 = Debug|x86
		Release|x64 = Release|x64
		Release|x86 = Release|x86
	EndGlobalSection
	GlobalSection(ProjectConfigurationPlatforms) = postSolution
		{5F3BBDE8-1F9B-49E8-85C5-35544720CAEA}.Debug|x64.ActiveCfg = Debug|x64
		{5F3BBDE8-1F9B-49E8-85C5-35544720CAEA}.Debug|x64.Build.0 = Debug|x64
		{5F3BBDE8-1F9B-49E8-85C5-35544720CAEA}.Debug|x86.ActiveCfg = Debug|Win32
		{5F3BBDE8-1F9B-49E8-85C5-35544720CAEA}.Debug|x86.Build.0 = Debug|Win32
		{5F3BBDE8-1F9B-49E8-85C5-35544720CAEA}.Release|x64.ActiveCfg = Release|x64
		{5F3BBDE8-1F9B-49E8-85C5-35544720CAEA}.Release|x64.Build.0 = Release|x64
		{5F3BBDE8-1F9B-49E8-85C5-35544720CAEA}.Release|x86.ActiveCfg = Release|Win32
		{5F3BBDE8-1F9B-49E8-85C5-35544720CAEA}.Release|x86.Build.0 = Release|Win32
	EndGlobalSection
	GlobalSection(SolutionProperties) = preSolution
		HideSolutionNode = FALSE
	EndGlobalSection
	GlobalSection(ExtensibilityGlobals) = postSolution
		SolutionGuid = {38A4D37C-304D-43A3-B0F9-F8B80F245F80}
	EndGlobalSection
EndGlobal
